// !$*UTF8*$!
{
	archiveVersion = 1;
	classes = {
	};
	objectVersion = 55;
	objects = {

/* Begin PBXBuildFile section */
		9F5CB82A29F1686E00331CED /* ConsuptionReports.swift in Sources */ = {isa = PBXBuildFile; fileRef = 9F5CB82929F1686E00331CED /* ConsuptionReports.swift */; };
		9FAD18F129EFF66000579845 /* AppDelegate.swift in Sources */ = {isa = PBXBuildFile; fileRef = 9FAD18F029EFF66000579845 /* AppDelegate.swift */; };
		9FAD18F329EFF66000579845 /* SceneDelegate.swift in Sources */ = {isa = PBXBuildFile; fileRef = 9FAD18F229EFF66000579845 /* SceneDelegate.swift */; };
		9FAD18F529EFF66000579845 /* IncomeReports.swift in Sources */ = {isa = PBXBuildFile; fileRef = 9FAD18F429EFF66000579845 /* IncomeReports.swift */; };
		9FAD18FA29EFF66400579845 /* Assets.xcassets in Resources */ = {isa = PBXBuildFile; fileRef = 9FAD18F929EFF66400579845 /* Assets.xcassets */; };
		9FAD18FD29EFF66400579845 /* LaunchScreen.storyboard in Resources */ = {isa = PBXBuildFile; fileRef = 9FAD18FB29EFF66400579845 /* LaunchScreen.storyboard */; };
		9FAD190829EFF66500579845 /* ExampleGraphicTests.swift in Sources */ = {isa = PBXBuildFile; fileRef = 9FAD190729EFF66500579845 /* ExampleGraphicTests.swift */; };
		9FAD191229EFF66500579845 /* ExampleGraphicUITests.swift in Sources */ = {isa = PBXBuildFile; fileRef = 9FAD191129EFF66500579845 /* ExampleGraphicUITests.swift */; };
		9FAD191429EFF66500579845 /* ExampleGraphicUITestsLaunchTests.swift in Sources */ = {isa = PBXBuildFile; fileRef = 9FAD191329EFF66500579845 /* ExampleGraphicUITestsLaunchTests.swift */; };
		9FAD192229EFF6C300579845 /* AAInfographics in Frameworks */ = {isa = PBXBuildFile; productRef = 9FAD192129EFF6C300579845 /* AAInfographics */; };
		9FB950DF29F7AF0E00C7C1B8 /* SpreadsheetView in Frameworks */ = {isa = PBXBuildFile; productRef = 9FB950DE29F7AF0E00C7C1B8 /* SpreadsheetView */; };
		9FB950E229F7EC6000C7C1B8 /* SnapKit in Frameworks */ = {isa = PBXBuildFile; productRef = 9FB950E129F7EC6000C7C1B8 /* SnapKit */; };
		F70E578C2A39CEF600D91169 /* SummaryReports.swift in Sources */ = {isa = PBXBuildFile; fileRef = F70E578B2A39CEF600D91169 /* SummaryReports.swift */; };
/* End PBXBuildFile section */

/* Begin PBXContainerItemProxy section */
		9FAD190429EFF66500579845 /* PBXContainerItemProxy */ = {
			isa = PBXContainerItemProxy;
			containerPortal = 9FAD18E529EFF66000579845 /* Project object */;
			proxyType = 1;
			remoteGlobalIDString = 9FAD18EC29EFF66000579845;
			remoteInfo = ExampleGraphic;
		};
		9FAD190E29EFF66500579845 /* PBXContainerItemProxy */ = {
			isa = PBXContainerItemProxy;
			containerPortal = 9FAD18E529EFF66000579845 /* Project object */;
			proxyType = 1;
			remoteGlobalIDString = 9FAD18EC29EFF66000579845;
			remoteInfo = ExampleGraphic;
		};
/* End PBXContainerItemProxy section */

/* Begin PBXFileReference section */
		9F5CB82929F1686E00331CED /* ConsuptionReports.swift */ = {isa = PBXFileReference; lastKnownFileType = sourcecode.swift; path = ConsuptionReports.swift; sourceTree = "<group>"; };
		9FAD18ED29EFF66000579845 /* ExampleGraphic.app */ = {isa = PBXFileReference; explicitFileType = wrapper.application; includeInIndex = 0; path = ExampleGraphic.app; sourceTree = BUILT_PRODUCTS_DIR; };
		9FAD18F029EFF66000579845 /* AppDelegate.swift */ = {isa = PBXFileReference; lastKnownFileType = sourcecode.swift; path = AppDelegate.swift; sourceTree = "<group>"; };
		9FAD18F229EFF66000579845 /* SceneDelegate.swift */ = {isa = PBXFileReference; lastKnownFileType = sourcecode.swift; path = SceneDelegate.swift; sourceTree = "<group>"; };
		9FAD18F429EFF66000579845 /* IncomeReports.swift */ = {isa = PBXFileReference; lastKnownFileType = sourcecode.swift; path = IncomeReports.swift; sourceTree = "<group>"; };
		9FAD18F929EFF66400579845 /* Assets.xcassets */ = {isa = PBXFileReference; lastKnownFileType = folder.assetcatalog; path = Assets.xcassets; sourceTree = "<group>"; };
		9FAD18FC29EFF66400579845 /* Base */ = {isa = PBXFileReference; lastKnownFileType = file.storyboard; name = Base; path = Base.lproj/LaunchScreen.storyboard; sourceTree = "<group>"; };
		9FAD18FE29EFF66400579845 /* Info.plist */ = {isa = PBXFileReference; lastKnownFileType = text.plist.xml; path = Info.plist; sourceTree = "<group>"; };
		9FAD190329EFF66500579845 /* ExampleGraphicTests.xctest */ = {isa = PBXFileReference; explicitFileType = wrapper.cfbundle; includeInIndex = 0; path = ExampleGraphicTests.xctest; sourceTree = BUILT_PRODUCTS_DIR; };
		9FAD190729EFF66500579845 /* ExampleGraphicTests.swift */ = {isa = PBXFileReference; lastKnownFileType = sourcecode.swift; path = ExampleGraphicTests.swift; sourceTree = "<group>"; };
		9FAD190D29EFF66500579845 /* ExampleGraphicUITests.xctest */ = {isa = PBXFileReference; explicitFileType = wrapper.cfbundle; includeInIndex = 0; path = ExampleGraphicUITests.xctest; sourceTree = BUILT_PRODUCTS_DIR; };
		9FAD191129EFF66500579845 /* ExampleGraphicUITests.swift */ = {isa = PBXFileReference; lastKnownFileType = sourcecode.swift; path = ExampleGraphicUITests.swift; sourceTree = "<group>"; };
		9FAD191329EFF66500579845 /* ExampleGraphicUITestsLaunchTests.swift */ = {isa = PBXFileReference; lastKnownFileType = sourcecode.swift; path = ExampleGraphicUITestsLaunchTests.swift; sourceTree = "<group>"; };
		F70E578B2A39CEF600D91169 /* SummaryReports.swift */ = {isa = PBXFileReference; lastKnownFileType = sourcecode.swift; path = SummaryReports.swift; sourceTree = "<group>"; };
/* End PBXFileReference section */

/* Begin PBXFrameworksBuildPhase section */
		9FAD18EA29EFF66000579845 /* Frameworks */ = {
			isa = PBXFrameworksBuildPhase;
			buildActionMask = 2147483647;
			files = (
				9FB950E229F7EC6000C7C1B8 /* SnapKit in Frameworks */,
				9FB950DF29F7AF0E00C7C1B8 /* SpreadsheetView in Frameworks */,
				9FAD192229EFF6C300579845 /* AAInfographics in Frameworks */,
			);
			runOnlyForDeploymentPostprocessing = 0;
		};
		9FAD190029EFF66500579845 /* Frameworks */ = {
			isa = PBXFrameworksBuildPhase;
			buildActionMask = 2147483647;
			files = (
			);
			runOnlyForDeploymentPostprocessing = 0;
		};
		9FAD190A29EFF66500579845 /* Frameworks */ = {
			isa = PBXFrameworksBuildPhase;
			buildActionMask = 2147483647;
			files = (
			);
			runOnlyForDeploymentPostprocessing = 0;
		};
/* End PBXFrameworksBuildPhase section */

/* Begin PBXGroup section */
		9FAD18E429EFF65F00579845 = {
			isa = PBXGroup;
			children = (
				9FAD18EF29EFF66000579845 /* ExampleGraphic */,
				9FAD190629EFF66500579845 /* ExampleGraphicTests */,
				9FAD191029EFF66500579845 /* ExampleGraphicUITests */,
				9FAD18EE29EFF66000579845 /* Products */,
			);
			sourceTree = "<group>";
		};
		9FAD18EE29EFF66000579845 /* Products */ = {
			isa = PBXGroup;
			children = (
				9FAD18ED29EFF66000579845 /* ExampleGraphic.app */,
				9FAD190329EFF66500579845 /* ExampleGraphicTests.xctest */,
				9FAD190D29EFF66500579845 /* ExampleGraphicUITests.xctest */,
			);
			name = Products;
			sourceTree = "<group>";
		};
		9FAD18EF29EFF66000579845 /* ExampleGraphic */ = {
			isa = PBXGroup;
			children = (
				9FAD18F029EFF66000579845 /* AppDelegate.swift */,
				9FAD18F229EFF66000579845 /* SceneDelegate.swift */,
				F70E578B2A39CEF600D91169 /* SummaryReports.swift */,
				9FAD18F429EFF66000579845 /* IncomeReports.swift */,
				9F5CB82929F1686E00331CED /* ConsuptionReports.swift */,
				9FAD18F929EFF66400579845 /* Assets.xcassets */,
				9FAD18FB29EFF66400579845 /* LaunchScreen.storyboard */,
				9FAD18FE29EFF66400579845 /* Info.plist */,
			);
			path = ExampleGraphic;
			sourceTree = "<group>";
		};
		9FAD190629EFF66500579845 /* ExampleGraphicTests */ = {
			isa = PBXGroup;
			children = (
				9FAD190729EFF66500579845 /* ExampleGraphicTests.swift */,
			);
			path = ExampleGraphicTests;
			sourceTree = "<group>";
		};
		9FAD191029EFF66500579845 /* ExampleGraphicUITests */ = {
			isa = PBXGroup;
			children = (
				9FAD191129EFF66500579845 /* ExampleGraphicUITests.swift */,
				9FAD191329EFF66500579845 /* ExampleGraphicUITestsLaunchTests.swift */,
			);
			path = ExampleGraphicUITests;
			sourceTree = "<group>";
		};
/* End PBXGroup section */

/* Begin PBXNativeTarget section */
		9FAD18EC29EFF66000579845 /* ExampleGraphic */ = {
			isa = PBXNativeTarget;
			buildConfigurationList = 9FAD191729EFF66500579845 /* Build configuration list for PBXNativeTarget "ExampleGraphic" */;
			buildPhases = (
				9FAD18E929EFF66000579845 /* Sources */,
				9FAD18EA29EFF66000579845 /* Frameworks */,
				9FAD18EB29EFF66000579845 /* Resources */,
			);
			buildRules = (
			);
			dependencies = (
			);
			name = ExampleGraphic;
			packageProductDependencies = (
				9FAD192129EFF6C300579845 /* AAInfographics */,
				9FB950DE29F7AF0E00C7C1B8 /* SpreadsheetView */,
				9FB950E129F7EC6000C7C1B8 /* SnapKit */,
			);
			productName = ExampleGraphic;
			productReference = 9FAD18ED29EFF66000579845 /* ExampleGraphic.app */;
			productType = "com.apple.product-type.application";
		};
		9FAD190229EFF66500579845 /* ExampleGraphicTests */ = {
			isa = PBXNativeTarget;
			buildConfigurationList = 9FAD191A29EFF66500579845 /* Build configuration list for PBXNativeTarget "ExampleGraphicTests" */;
			buildPhases = (
				9FAD18FF29EFF66500579845 /* Sources */,
				9FAD190029EFF66500579845 /* Frameworks */,
				9FAD190129EFF66500579845 /* Resources */,
			);
			buildRules = (
			);
			dependencies = (
				9FAD190529EFF66500579845 /* PBXTargetDependency */,
			);
			name = ExampleGraphicTests;
			productName = ExampleGraphicTests;
			productReference = 9FAD190329EFF66500579845 /* ExampleGraphicTests.xctest */;
			productType = "com.apple.product-type.bundle.unit-test";
		};
		9FAD190C29EFF66500579845 /* ExampleGraphicUITests */ = {
			isa = PBXNativeTarget;
			buildConfigurationList = 9FAD191D29EFF66500579845 /* Build configuration list for PBXNativeTarget "ExampleGraphicUITests" */;
			buildPhases = (
				9FAD190929EFF66500579845 /* Sources */,
				9FAD190A29EFF66500579845 /* Frameworks */,
				9FAD190B29EFF66500579845 /* Resources */,
			);
			buildRules = (
			);
			dependencies = (
				9FAD190F29EFF66500579845 /* PBXTargetDependency */,
			);
			name = ExampleGraphicUITests;
			productName = ExampleGraphicUITests;
			productReference = 9FAD190D29EFF66500579845 /* ExampleGraphicUITests.xctest */;
			productType = "com.apple.product-type.bundle.ui-testing";
		};
/* End PBXNativeTarget section */

/* Begin PBXProject section */
		9FAD18E529EFF66000579845 /* Project object */ = {
			isa = PBXProject;
			attributes = {
				BuildIndependentTargetsInParallel = 1;
				LastSwiftUpdateCheck = 1340;
				LastUpgradeCheck = 1340;
				TargetAttributes = {
					9FAD18EC29EFF66000579845 = {
						CreatedOnToolsVersion = 13.4.1;
					};
					9FAD190229EFF66500579845 = {
						CreatedOnToolsVersion = 13.4.1;
						TestTargetID = 9FAD18EC29EFF66000579845;
					};
					9FAD190C29EFF66500579845 = {
						CreatedOnToolsVersion = 13.4.1;
						TestTargetID = 9FAD18EC29EFF66000579845;
					};
				};
			};
			buildConfigurationList = 9FAD18E829EFF66000579845 /* Build configuration list for PBXProject "ExampleGraphic" */;
			compatibilityVersion = "Xcode 13.0";
			developmentRegion = en;
			hasScannedForEncodings = 0;
			knownRegions = (
				en,
				Base,
			);
			mainGroup = 9FAD18E429EFF65F00579845;
			packageReferences = (
				9FAD192029EFF6C300579845 /* XCRemoteSwiftPackageReference "AAChartKit-Swift" */,
				9FB950DD29F7AF0E00C7C1B8 /* XCRemoteSwiftPackageReference "spreadsheet-view" */,
				9FB950E029F7EC6000C7C1B8 /* XCRemoteSwiftPackageReference "SnapKit" */,
			);
			productRefGroup = 9FAD18EE29EFF66000579845 /* Products */;
			projectDirPath = "";
			projectRoot = "";
			targets = (
				9FAD18EC29EFF66000579845 /* ExampleGraphic */,
				9FAD190229EFF66500579845 /* ExampleGraphicTests */,
				9FAD190C29EFF66500579845 /* ExampleGraphicUITests */,
			);
		};
/* End PBXProject section */

/* Begin PBXResourcesBuildPhase section */
		9FAD18EB29EFF66000579845 /* Resources */ = {
			isa = PBXResourcesBuildPhase;
			buildActionMask = 2147483647;
			files = (
				9FAD18FD29EFF66400579845 /* LaunchScreen.storyboard in Resources */,
				9FAD18FA29EFF66400579845 /* Assets.xcassets in Resources */,
			);
			runOnlyForDeploymentPostprocessing = 0;
		};
		9FAD190129EFF66500579845 /* Resources */ = {
			isa = PBXResourcesBuildPhase;
			buildActionMask = 2147483647;
			files = (
			);
			runOnlyForDeploymentPostprocessing = 0;
		};
		9FAD190B29EFF66500579845 /* Resources */ = {
			isa = PBXResourcesBuildPhase;
			buildActionMask = 2147483647;
			files = (
			);
			runOnlyForDeploymentPostprocessing = 0;
		};
/* End PBXResourcesBuildPhase section */

/* Begin PBXSourcesBuildPhase section */
		9FAD18E929EFF66000579845 /* Sources */ = {
			isa = PBXSourcesBuildPhase;
			buildActionMask = 2147483647;
			files = (
				9FAD18F529EFF66000579845 /* IncomeReports.swift in Sources */,
				9F5CB82A29F1686E00331CED /* ConsuptionReports.swift in Sources */,
				9FAD18F129EFF66000579845 /* AppDelegate.swift in Sources */,
				F70E578C2A39CEF600D91169 /* SummaryReports.swift in Sources */,
				9FAD18F329EFF66000579845 /* SceneDelegate.swift in Sources */,
			);
			runOnlyForDeploymentPostprocessing = 0;
		};
		9FAD18FF29EFF66500579845 /* Sources */ = {
			isa = PBXSourcesBuildPhase;
			buildActionMask = 2147483647;
			files = (
				9FAD190829EFF66500579845 /* ExampleGraphicTests.swift in Sources */,
			);
			runOnlyForDeploymentPostprocessing = 0;
		};
		9FAD190929EFF66500579845 /* Sources */ = {
			isa = PBXSourcesBuildPhase;
			buildActionMask = 2147483647;
			files = (
				9FAD191429EFF66500579845 /* ExampleGraphicUITestsLaunchTests.swift in Sources */,
				9FAD191229EFF66500579845 /* ExampleGraphicUITests.swift in Sources */,
			);
			runOnlyForDeploymentPostprocessing = 0;
		};
/* End PBXSourcesBuildPhase section */

/* Begin PBXTargetDependency section */
		9FAD190529EFF66500579845 /* PBXTargetDependency */ = {
			isa = PBXTargetDependency;
			target = 9FAD18EC29EFF66000579845 /* ExampleGraphic */;
			targetProxy = 9FAD190429EFF66500579845 /* PBXContainerItemProxy */;
		};
		9FAD190F29EFF66500579845 /* PBXTargetDependency */ = {
			isa = PBXTargetDependency;
			target = 9FAD18EC29EFF66000579845 /* ExampleGraphic */;
			targetProxy = 9FAD190E29EFF66500579845 /* PBXContainerItemProxy */;
		};
/* End PBXTargetDependency section */

/* Begin PBXVariantGroup section */
		9FAD18FB29EFF66400579845 /* LaunchScreen.storyboard */ = {
			isa = PBXVariantGroup;
			children = (
				9FAD18FC29EFF66400579845 /* Base */,
			);
			name = LaunchScreen.storyboard;
			sourceTree = "<group>";
		};
/* End PBXVariantGroup section */

/* Begin XCBuildConfiguration section */
		9FAD191529EFF66500579845 /* Debug */ = {
			isa = XCBuildConfiguration;
			buildSettings = {
				ALWAYS_SEARCH_USER_PATHS = NO;
				CLANG_ANALYZER_NONNULL = YES;
				CLANG_ANALYZER_NUMBER_OBJECT_CONVERSION = YES_AGGRESSIVE;
				CLANG_CXX_LANGUAGE_STANDARD = "gnu++17";
				CLANG_ENABLE_MODULES = YES;
				CLANG_ENABLE_OBJC_ARC = YES;
				CLANG_ENABLE_OBJC_WEAK = YES;
				CLANG_WARN_BLOCK_CAPTURE_AUTORELEASING = YES;
				CLANG_WARN_BOOL_CONVERSION = YES;
				CLANG_WARN_COMMA = YES;
				CLANG_WARN_CONSTANT_CONVERSION = YES;
				CLANG_WARN_DEPRECATED_OBJC_IMPLEMENTATIONS = YES;
				CLANG_WARN_DIRECT_OBJC_ISA_USAGE = YES_ERROR;
				CLANG_WARN_DOCUMENTATION_COMMENTS = YES;
				CLANG_WARN_EMPTY_BODY = YES;
				CLANG_WARN_ENUM_CONVERSION = YES;
				CLANG_WARN_INFINITE_RECURSION = YES;
				CLANG_WARN_INT_CONVERSION = YES;
				CLANG_WARN_NON_LITERAL_NULL_CONVERSION = YES;
				CLANG_WARN_OBJC_IMPLICIT_RETAIN_SELF = YES;
				CLANG_WARN_OBJC_LITERAL_CONVERSION = YES;
				CLANG_WARN_OBJC_ROOT_CLASS = YES_ERROR;
				CLANG_WARN_QUOTED_INCLUDE_IN_FRAMEWORK_HEADER = YES;
				CLANG_WARN_RANGE_LOOP_ANALYSIS = YES;
				CLANG_WARN_STRICT_PROTOTYPES = YES;
				CLANG_WARN_SUSPICIOUS_MOVE = YES;
				CLANG_WARN_UNGUARDED_AVAILABILITY = YES_AGGRESSIVE;
				CLANG_WARN_UNREACHABLE_CODE = YES;
				CLANG_WARN__DUPLICATE_METHOD_MATCH = YES;
				COPY_PHASE_STRIP = NO;
				DEBUG_INFORMATION_FORMAT = dwarf;
				ENABLE_STRICT_OBJC_MSGSEND = YES;
				ENABLE_TESTABILITY = YES;
				GCC_C_LANGUAGE_STANDARD = gnu11;
				GCC_DYNAMIC_NO_PIC = NO;
				GCC_NO_COMMON_BLOCKS = YES;
				GCC_OPTIMIZATION_LEVEL = 0;
				GCC_PREPROCESSOR_DEFINITIONS = (
					"DEBUG=1",
					"$(inherited)",
				);
				GCC_WARN_64_TO_32_BIT_CONVERSION = YES;
				GCC_WARN_ABOUT_RETURN_TYPE = YES_ERROR;
				GCC_WARN_UNDECLARED_SELECTOR = YES;
				GCC_WARN_UNINITIALIZED_AUTOS = YES_AGGRESSIVE;
				GCC_WARN_UNUSED_FUNCTION = YES;
				GCC_WARN_UNUSED_VARIABLE = YES;
				IPHONEOS_DEPLOYMENT_TARGET = 15.5;
				MTL_ENABLE_DEBUG_INFO = INCLUDE_SOURCE;
				MTL_FAST_MATH = YES;
				ONLY_ACTIVE_ARCH = YES;
				SDKROOT = iphoneos;
				SWIFT_ACTIVE_COMPILATION_CONDITIONS = DEBUG;
				SWIFT_OPTIMIZATION_LEVEL = "-Onone";
			};
			name = Debug;
		};
		9FAD191629EFF66500579845 /* Release */ = {
			isa = XCBuildConfiguration;
			buildSettings = {
				ALWAYS_SEARCH_USER_PATHS = NO;
				CLANG_ANALYZER_NONNULL = YES;
				CLANG_ANALYZER_NUMBER_OBJECT_CONVERSION = YES_AGGRESSIVE;
				CLANG_CXX_LANGUAGE_STANDARD = "gnu++17";
				CLANG_ENABLE_MODULES = YES;
				CLANG_ENABLE_OBJC_ARC = YES;
				CLANG_ENABLE_OBJC_WEAK = YES;
				CLANG_WARN_BLOCK_CAPTURE_AUTORELEASING = YES;
				CLANG_WARN_BOOL_CONVERSION = YES;
				CLANG_WARN_COMMA = YES;
				CLANG_WARN_CONSTANT_CONVERSION = YES;
				CLANG_WARN_DEPRECATED_OBJC_IMPLEMENTATIONS = YES;
				CLANG_WARN_DIRECT_OBJC_ISA_USAGE = YES_ERROR;
				CLANG_WARN_DOCUMENTATION_COMMENTS = YES;
				CLANG_WARN_EMPTY_BODY = YES;
				CLANG_WARN_ENUM_CONVERSION = YES;
				CLANG_WARN_INFINITE_RECURSION = YES;
				CLANG_WARN_INT_CONVERSION = YES;
				CLANG_WARN_NON_LITERAL_NULL_CONVERSION = YES;
				CLANG_WARN_OBJC_IMPLICIT_RETAIN_SELF = YES;
				CLANG_WARN_OBJC_LITERAL_CONVERSION = YES;
				CLANG_WARN_OBJC_ROOT_CLASS = YES_ERROR;
				CLANG_WARN_QUOTED_INCLUDE_IN_FRAMEWORK_HEADER = YES;
				CLANG_WARN_RANGE_LOOP_ANALYSIS = YES;
				CLANG_WARN_STRICT_PROTOTYPES = YES;
				CLANG_WARN_SUSPICIOUS_MOVE = YES;
				CLANG_WARN_UNGUARDED_AVAILABILITY = YES_AGGRESSIVE;
				CLANG_WARN_UNREACHABLE_CODE = YES;
				CLANG_WARN__DUPLICATE_METHOD_MATCH = YES;
				COPY_PHASE_STRIP = NO;
				DEBUG_INFORMATION_FORMAT = "dwarf-with-dsym";
				ENABLE_NS_ASSERTIONS = NO;
				ENABLE_STRICT_OBJC_MSGSEND = YES;
				GCC_C_LANGUAGE_STANDARD = gnu11;
				GCC_NO_COMMON_BLOCKS = YES;
				GCC_WARN_64_TO_32_BIT_CONVERSION = YES;
				GCC_WARN_ABOUT_RETURN_TYPE = YES_ERROR;
				GCC_WARN_UNDECLARED_SELECTOR = YES;
				GCC_WARN_UNINITIALIZED_AUTOS = YES_AGGRESSIVE;
				GCC_WARN_UNUSED_FUNCTION = YES;
				GCC_WARN_UNUSED_VARIABLE = YES;
				IPHONEOS_DEPLOYMENT_TARGET = 15.5;
				MTL_ENABLE_DEBUG_INFO = NO;
				MTL_FAST_MATH = YES;
				SDKROOT = iphoneos;
				SWIFT_COMPILATION_MODE = wholemodule;
				SWIFT_OPTIMIZATION_LEVEL = "-O";
				VALIDATE_PRODUCT = YES;
			};
			name = Release;
		};
		9FAD191829EFF66500579845 /* Debug */ = {
			isa = XCBuildConfiguration;
			buildSettings = {
				ASSETCATALOG_COMPILER_APPICON_NAME = AppIcon;
				ASSETCATALOG_COMPILER_GLOBAL_ACCENT_COLOR_NAME = AccentColor;
				CODE_SIGN_STYLE = Automatic;
				CURRENT_PROJECT_VERSION = 1;
				DEVELOPMENT_TEAM = NX4Z863YP5;
				GENERATE_INFOPLIST_FILE = YES;
				INFOPLIST_FILE = ExampleGraphic/Info.plist;
				INFOPLIST_KEY_UIApplicationSupportsIndirectInputEvents = YES;
				INFOPLIST_KEY_UILaunchStoryboardName = LaunchScreen;
				INFOPLIST_KEY_UISupportedInterfaceOrientations_iPad = "UIInterfaceOrientationPortrait UIInterfaceOrientationPortraitUpsideDown UIInterfaceOrientationLandscapeLeft UIInterfaceOrientationLandscapeRight";
				INFOPLIST_KEY_UISupportedInterfaceOrientations_iPhone = "UIInterfaceOrientationPortrait UIInterfaceOrientationLandscapeLeft UIInterfaceOrientationLandscapeRight";
				LD_RUNPATH_SEARCH_PATHS = (
					"$(inherited)",
					"@executable_path/Frameworks",
				);
				MARKETING_VERSION = 1.0;
				PRODUCT_BUNDLE_IDENTIFIER = None.ExampleGraphic;
				PRODUCT_NAME = "$(TARGET_NAME)";
				SWIFT_EMIT_LOC_STRINGS = YES;
				SWIFT_VERSION = 5.0;
				TARGETED_DEVICE_FAMILY = "1,2";
			};
			name = Debug;
		};
		9FAD191929EFF66500579845 /* Release */ = {
			isa = XCBuildConfiguration;
			buildSettings = {
				ASSETCATALOG_COMPILER_APPICON_NAME = AppIcon;
				ASSETCATALOG_COMPILER_GLOBAL_ACCENT_COLOR_NAME = AccentColor;
				CODE_SIGN_STYLE = Automatic;
				CURRENT_PROJECT_VERSION = 1;
				DEVELOPMENT_TEAM = NX4Z863YP5;
				GENERATE_INFOPLIST_FILE = YES;
				INFOPLIST_FILE = ExampleGraphic/Info.plist;
				INFOPLIST_KEY_UIApplicationSupportsIndirectInputEvents = YES;
				INFOPLIST_KEY_UILaunchStoryboardName = LaunchScreen;
				INFOPLIST_KEY_UISupportedInterfaceOrientations_iPad = "UIInterfaceOrientationPortrait UIInterfaceOrientationPortraitUpsideDown UIInterfaceOrientationLandscapeLeft UIInterfaceOrientationLandscapeRight";
				INFOPLIST_KEY_UISupportedInterfaceOrientations_iPhone = "UIInterfaceOrientationPortrait UIInterfaceOrientationLandscapeLeft UIInterfaceOrientationLandscapeRight";
				LD_RUNPATH_SEARCH_PATHS = (
					"$(inherited)",
					"@executable_path/Frameworks",
				);
				MARKETING_VERSION = 1.0;
				PRODUCT_BUNDLE_IDENTIFIER = None.ExampleGraphic;
				PRODUCT_NAME = "$(TARGET_NAME)";
				SWIFT_EMIT_LOC_STRINGS = YES;
				SWIFT_VERSION = 5.0;
				TARGETED_DEVICE_FAMILY = "1,2";
			};
			name = Release;
		};
		9FAD191B29EFF66500579845 /* Debug */ = {
			isa = XCBuildConfiguration;
			buildSettings = {
				ALWAYS_EMBED_SWIFT_STANDARD_LIBRARIES = YES;
				BUNDLE_LOADER = "$(TEST_HOST)";
				CODE_SIGN_STYLE = Automatic;
				CURRENT_PROJECT_VERSION = 1;
				GENERATE_INFOPLIST_FILE = YES;
				IPHONEOS_DEPLOYMENT_TARGET = 15.5;
				MARKETING_VERSION = 1.0;
				PRODUCT_BUNDLE_IDENTIFIER = None.ExampleGraphicTests;
				PRODUCT_NAME = "$(TARGET_NAME)";
				SWIFT_EMIT_LOC_STRINGS = NO;
				SWIFT_VERSION = 5.0;
				TARGETED_DEVICE_FAMILY = "1,2";
				TEST_HOST = "$(BUILT_PRODUCTS_DIR)/ExampleGraphic.app/ExampleGraphic";
			};
			name = Debug;
		};
		9FAD191C29EFF66500579845 /* Release */ = {
			isa = XCBuildConfiguration;
			buildSettings = {
				ALWAYS_EMBED_SWIFT_STANDARD_LIBRARIES = YES;
				BUNDLE_LOADER = "$(TEST_HOST)";
				CODE_SIGN_STYLE = Automatic;
				CURRENT_PROJECT_VERSION = 1;
				GENERATE_INFOPLIST_FILE = YES;
				IPHONEOS_DEPLOYMENT_TARGET = 15.5;
				MARKETING_VERSION = 1.0;
				PRODUCT_BUNDLE_IDENTIFIER = None.ExampleGraphicTests;
				PRODUCT_NAME = "$(TARGET_NAME)";
				SWIFT_EMIT_LOC_STRINGS = NO;
				SWIFT_VERSION = 5.0;
				TARGETED_DEVICE_FAMILY = "1,2";
				TEST_HOST = "$(BUILT_PRODUCTS_DIR)/ExampleGraphic.app/ExampleGraphic";
			};
			name = Release;
		};
		9FAD191E29EFF66500579845 /* Debug */ = {
			isa = XCBuildConfiguration;
			buildSettings = {
				ALWAYS_EMBED_SWIFT_STANDARD_LIBRARIES = YES;
				CODE_SIGN_STYLE = Automatic;
				CURRENT_PROJECT_VERSION = 1;
				GENERATE_INFOPLIST_FILE = YES;
				MARKETING_VERSION = 1.0;
				PRODUCT_BUNDLE_IDENTIFIER = None.ExampleGraphicUITests;
				PRODUCT_NAME = "$(TARGET_NAME)";
				SWIFT_EMIT_LOC_STRINGS = NO;
				SWIFT_VERSION = 5.0;
				TARGETED_DEVICE_FAMILY = "1,2";
				TEST_TARGET_NAME = ExampleGraphic;
			};
			name = Debug;
		};
		9FAD191F29EFF66500579845 /* Release */ = {
			isa = XCBuildConfiguration;
			buildSettings = {
				ALWAYS_EMBED_SWIFT_STANDARD_LIBRARIES = YES;
				CODE_SIGN_STYLE = Automatic;
				CURRENT_PROJECT_VERSION = 1;
				GENERATE_INFOPLIST_FILE = YES;
				MARKETING_VERSION = 1.0;
				PRODUCT_BUNDLE_IDENTIFIER = None.ExampleGraphicUITests;
				PRODUCT_NAME = "$(TARGET_NAME)";
				SWIFT_EMIT_LOC_STRINGS = NO;
				SWIFT_VERSION = 5.0;
				TARGETED_DEVICE_FAMILY = "1,2";
				TEST_TARGET_NAME = ExampleGraphic;
			};
			name = Release;
		};
/* End XCBuildConfiguration section */

/* Begin XCConfigurationList section */
		9FAD18E829EFF66000579845 /* Build configuration list for PBXProject "ExampleGraphic" */ = {
			isa = XCConfigurationList;
			buildConfigurations = (
				9FAD191529EFF66500579845 /* Debug */,
				9FAD191629EFF66500579845 /* Release */,
			);
			defaultConfigurationIsVisible = 0;
			defaultConfigurationName = Release;
		};
		9FAD191729EFF66500579845 /* Build configuration list for PBXNativeTarget "ExampleGraphic" */ = {
			isa = XCConfigurationList;
			buildConfigurations = (
				9FAD191829EFF66500579845 /* Debug */,
				9FAD191929EFF66500579845 /* Release */,
			);
			defaultConfigurationIsVisible = 0;
			defaultConfigurationName = Release;
		};
		9FAD191A29EFF66500579845 /* Build configuration list for PBXNativeTarget "ExampleGraphicTests" */ = {
			isa = XCConfigurationList;
			buildConfigurations = (
				9FAD191B29EFF66500579845 /* Debug */,
				9FAD191C29EFF66500579845 /* Release */,
			);
			defaultConfigurationIsVisible = 0;
			defaultConfigurationName = Release;
		};
		9FAD191D29EFF66500579845 /* Build configuration list for PBXNativeTarget "ExampleGraphicUITests" */ = {
			isa = XCConfigurationList;
			buildConfigurations = (
				9FAD191E29EFF66500579845 /* Debug */,
				9FAD191F29EFF66500579845 /* Release */,
			);
			defaultConfigurationIsVisible = 0;
			defaultConfigurationName = Release;
		};
/* End XCConfigurationList section */

/* Begin XCRemoteSwiftPackageReference section */
		9FAD192029EFF6C300579845 /* XCRemoteSwiftPackageReference "AAChartKit-Swift" */ = {
			isa = XCRemoteSwiftPackageReference;
			repositoryURL = "https://github.com/AAChartModel/AAChartKit-Swift?ysclid=lgnjf447o9915329759";
			requirement = {
				kind = upToNextMajorVersion;
				minimumVersion = 7.0.0;
			};
		};
		9FB950DD29F7AF0E00C7C1B8 /* XCRemoteSwiftPackageReference "spreadsheet-view" */ = {
			isa = XCRemoteSwiftPackageReference;
			repositoryURL = "https://github.com/database-utility/spreadsheet-view.git";
			requirement = {
				branch = main;
				kind = branch;
			};
		};
		9FB950E029F7EC6000C7C1B8 /* XCRemoteSwiftPackageReference "SnapKit" */ = {
			isa = XCRemoteSwiftPackageReference;
			repositoryURL = "https://github.com/SnapKit/SnapKit?ysclid=lgkxco18af529664267";
			requirement = {
				branch = develop;
				kind = branch;
			};
		};
/* End XCRemoteSwiftPackageReference section */

/* Begin XCSwiftPackageProductDependency section */
		9FAD192129EFF6C300579845 /* AAInfographics */ = {
			isa = XCSwiftPackageProductDependency;
			package = 9FAD192029EFF6C300579845 /* XCRemoteSwiftPackageReference "AAChartKit-Swift" */;
			productName = AAInfographics;
		};
		9FB950DE29F7AF0E00C7C1B8 /* SpreadsheetView */ = {
			isa = XCSwiftPackageProductDependency;
			package = 9FB950DD29F7AF0E00C7C1B8 /* XCRemoteSwiftPackageReference "spreadsheet-view" */;
			productName = SpreadsheetView;
		};
		9FB950E129F7EC6000C7C1B8 /* SnapKit */ = {
			isa = XCSwiftPackageProductDependency;
			package = 9FB950E029F7EC6000C7C1B8 /* XCRemoteSwiftPackageReference "SnapKit" */;
			productName = SnapKit;
		};
/* End XCSwiftPackageProductDependency section */
	};
	rootObject = 9FAD18E529EFF66000579845 /* Project object */;
}
